
Microsoft Visual Studio Solution File, Format Version 12.00
# Visual Studio 15
VisualStudioVersion = 15.0.26730.16
MinimumVisualStudioVersion = 10.0.40219.1
Project("{FAE04EC0-301F-11D3-BF4B-00C04F79EFBC}") = "CSharpMaze", "CSharpMaze\CSharpMaze.csproj", "{4E1C5DBE-E24E-4B37-BB9C-247A8DC8B618}"
EndProject
Global
	GlobalSection(SolutionConfigurationPlatforms) = preSolution
		Debug|Any CPU = Debug|Any CPU
		Release|Any CPU = Release|Any CPU
	EndGlobalSection
	GlobalSection(ProjectConfigurationPlatforms) = postSolution
		{4E1C5DBE-E24E-4B37-BB9C-247A8DC8B618}.Debug|Any CPU.ActiveCfg = Debug|Any CPU
		{4E1C5DBE-E24E-4B37-BB9C-247A8DC8B618}.Debug|Any CPU.Build.0 = Debug|Any CPU
		{4E1C5DBE-E24E-4B37-BB9C-247A8DC8B618}.Release|Any CPU.ActiveCfg = Release|Any CPU
		{4E1C5DBE-E24E-4B37-BB9C-247A8DC8B618}.Release|Any CPU.Build.0 = Release|Any CPU
	EndGlobalSection
	GlobalSection(SolutionProperties) = preSolution
		HideSolutionNode = FALSE
	EndGlobalSection
	GlobalSection(ExtensibilityGlobals) = postSolution
		SolutionGuid = {7C593ACB-14D9-4BCF-9C4F-AF04E13EF715}
	EndGlobalSection
EndGlobal
